
Microsoft Visual Studio Solution File, Format Version 12.00
# Visual Studio 15
VisualStudioVersion = 15.0.28307.168
MinimumVisualStudioVersion = 10.0.40219.1
Project("{FAE04EC0-301F-11D3-BF4B-00C04F79EFBC}") = "WindowsFormHelpLibrary", "WindowsFormHelpLibrary\WindowsFormHelpLibrary.csproj", "{EB6756B1-1010-4243-8022-408209B220EB}"
EndProject
Global
	GlobalSection(SolutionConfigurationPlatforms) = preSolution
		Debug|Any CPU = Debug|Any CPU
		Release|Any CPU = Release|Any CPU
	EndGlobalSection
	GlobalSection(ProjectConfigurationPlatforms) = postSolution
		{EB6756B1-1010-4243-8022-408209B220EB}.Debug|Any CPU.ActiveCfg = Debug|Any CPU
		{EB6756B1-1010-4243-8022-408209B220EB}.Debug|Any CPU.Build.0 = Debug|Any CPU
		{EB6756B1-1010-4243-8022-408209B220EB}.Release|Any CPU.ActiveCfg = Release|Any CPU
		{EB6756B1-1010-4243-8022-408209B220EB}.Release|Any CPU.Build.0 = Release|Any CPU
	EndGlobalSection
	GlobalSection(SolutionProperties) = preSolution
		HideSolutionNode = FALSE
	EndGlobalSection
	GlobalSection(ExtensibilityGlobals) = postSolution
		SolutionGuid = {80166754-B7F1-4F39-B67E-58AD2934B70D}
	EndGlobalSection
EndGlobal
